
Microsoft Visual Studio Solution File, Format Version 12.00
# Visual Studio 2012
Project("{FAE04EC0-301F-11D3-BF4B-00C04F79EFBC}") = "Module.One", "Module.One.csproj", "{F4143C78-3DD9-4455-9D7B-8CB157E54F98}"
EndProject
Project("{FAE04EC0-301F-11D3-BF4B-00C04F79EFBC}") = "Module.Two", "..\Module.Two\Module.Two.csproj", "{34EC9D3A-DBEE-4E07-80E7-07AF1FD098CD}"
EndProject
Project("{FAE04EC0-301F-11D3-BF4B-00C04F79EFBC}") = "Module.Three", "Module.Three\Module.Three.csproj", "{F7302210-1E09-4E59-AC8F-B5A5AC942EBC}"
EndProject
Project("{FAE04EC0-301F-11D3-BF4B-00C04F79EFBC}") = "Messages", "Messages\Messages.csproj", "{BE38D07C-E490-4F44-A64F-21F3D93C7C5A}"
EndProject
Project("{FAE04EC0-301F-11D3-BF4B-00C04F79EFBC}") = "Shared.Domain", "Shared.Domain\Shared.Domain.csproj", "{BECC8596-D3A8-4918-8496-9F0E9C6F4487}"
EndProject
Project("{FAE04EC0-301F-11D3-BF4B-00C04F79EFBC}") = "TheSite", "TheSite\TheSite.csproj", "{F8747A79-3E38-4A61-831C-DC08D2D19066}"
EndProject
Project("{FAE04EC0-301F-11D3-BF4B-00C04F79EFBC}") = "DataLayer", "DataLayer\DataLayer.csproj", "{C3D82F8B-BD7B-48E3-86F1-49DC8A882FAB}"
EndProject
Project("{FAE04EC0-301F-11D3-BF4B-00C04F79EFBC}") = "Event.Aggragator", "Event.Aggragator\Event.Aggragator.csproj", "{973F00A3-1F37-4CF9-AEFC-D105086DC2EF}"
EndProject
Global
	GlobalSection(SolutionConfigurationPlatforms) = preSolution
		Debug|Any CPU = Debug|Any CPU
		Release|Any CPU = Release|Any CPU
	EndGlobalSection
	GlobalSection(ProjectConfigurationPlatforms) = postSolution
		{F4143C78-3DD9-4455-9D7B-8CB157E54F98}.Debug|Any CPU.ActiveCfg = Debug|Any CPU
		{F4143C78-3DD9-4455-9D7B-8CB157E54F98}.Debug|Any CPU.Build.0 = Debug|Any CPU
		{F4143C78-3DD9-4455-9D7B-8CB157E54F98}.Release|Any CPU.ActiveCfg = Release|Any CPU
		{F4143C78-3DD9-4455-9D7B-8CB157E54F98}.Release|Any CPU.Build.0 = Release|Any CPU
		{34EC9D3A-DBEE-4E07-80E7-07AF1FD098CD}.Debug|Any CPU.ActiveCfg = Debug|Any CPU
		{34EC9D3A-DBEE-4E07-80E7-07AF1FD098CD}.Debug|Any CPU.Build.0 = Debug|Any CPU
		{34EC9D3A-DBEE-4E07-80E7-07AF1FD098CD}.Release|Any CPU.ActiveCfg = Release|Any CPU
		{34EC9D3A-DBEE-4E07-80E7-07AF1FD098CD}.Release|Any CPU.Build.0 = Release|Any CPU
		{F7302210-1E09-4E59-AC8F-B5A5AC942EBC}.Debug|Any CPU.ActiveCfg = Debug|Any CPU
		{F7302210-1E09-4E59-AC8F-B5A5AC942EBC}.Debug|Any CPU.Build.0 = Debug|Any CPU
		{F7302210-1E09-4E59-AC8F-B5A5AC942EBC}.Release|Any CPU.ActiveCfg = Release|Any CPU
		{F7302210-1E09-4E59-AC8F-B5A5AC942EBC}.Release|Any CPU.Build.0 = Release|Any CPU
		{BE38D07C-E490-4F44-A64F-21F3D93C7C5A}.Debug|Any CPU.ActiveCfg = Debug|Any CPU
		{BE38D07C-E490-4F44-A64F-21F3D93C7C5A}.Debug|Any CPU.Build.0 = Debug|Any CPU
		{BE38D07C-E490-4F44-A64F-21F3D93C7C5A}.Release|Any CPU.ActiveCfg = Release|Any CPU
		{BE38D07C-E490-4F44-A64F-21F3D93C7C5A}.Release|Any CPU.Build.0 = Release|Any CPU
		{BECC8596-D3A8-4918-8496-9F0E9C6F4487}.Debug|Any CPU.ActiveCfg = Debug|Any CPU
		{BECC8596-D3A8-4918-8496-9F0E9C6F4487}.Debug|Any CPU.Build.0 = Debug|Any CPU
		{BECC8596-D3A8-4918-8496-9F0E9C6F4487}.Release|Any CPU.ActiveCfg = Release|Any CPU
		{BECC8596-D3A8-4918-8496-9F0E9C6F4487}.Release|Any CPU.Build.0 = Release|Any CPU
		{F8747A79-3E38-4A61-831C-DC08D2D19066}.Debug|Any CPU.ActiveCfg = Debug|Any CPU
		{F8747A79-3E38-4A61-831C-DC08D2D19066}.Debug|Any CPU.Build.0 = Debug|Any CPU
		{F8747A79-3E38-4A61-831C-DC08D2D19066}.Release|Any CPU.ActiveCfg = Release|Any CPU
		{F8747A79-3E38-4A61-831C-DC08D2D19066}.Release|Any CPU.Build.0 = Release|Any CPU
		{C3D82F8B-BD7B-48E3-86F1-49DC8A882FAB}.Debug|Any CPU.ActiveCfg = Debug|Any CPU
		{C3D82F8B-BD7B-48E3-86F1-49DC8A882FAB}.Debug|Any CPU.Build.0 = Debug|Any CPU
		{C3D82F8B-BD7B-48E3-86F1-49DC8A882FAB}.Release|Any CPU.ActiveCfg = Release|Any CPU
		{C3D82F8B-BD7B-48E3-86F1-49DC8A882FAB}.Release|Any CPU.Build.0 = Release|Any CPU
		{973F00A3-1F37-4CF9-AEFC-D105086DC2EF}.Debug|Any CPU.ActiveCfg = Debug|Any CPU
		{973F00A3-1F37-4CF9-AEFC-D105086DC2EF}.Debug|Any CPU.Build.0 = Debug|Any CPU
		{973F00A3-1F37-4CF9-AEFC-D105086DC2EF}.Release|Any CPU.ActiveCfg = Release|Any CPU
		{973F00A3-1F37-4CF9-AEFC-D105086DC2EF}.Release|Any CPU.Build.0 = Release|Any CPU
	EndGlobalSection
	GlobalSection(SolutionProperties) = preSolution
		HideSolutionNode = FALSE
	EndGlobalSection
EndGlobal
