
Microsoft Visual Studio Solution File, Format Version 12.00
# Visual Studio 2012
Project("{FAE04EC0-301F-11D3-BF4B-00C04F79EFBC}") = "Datalayer", "Datalayer\Datalayer.csproj", "{72908F43-D0ED-4923-8FAF-36712ECD963E}"
EndProject
Project("{FAE04EC0-301F-11D3-BF4B-00C04F79EFBC}") = "Synchroniser", "Synchroniser\Synchroniser.csproj", "{538D40F3-4EA7-4190-9BF6-27DAB9F0EC74}"
EndProject
Project("{FAE04EC0-301F-11D3-BF4B-00C04F79EFBC}") = "Messages", "Messages\Messages.csproj", "{41746B66-F048-443F-9F3C-EAB07EDF449D}"
EndProject
Project("{FAE04EC0-301F-11D3-BF4B-00C04F79EFBC}") = "Domain.Contracts", "Domain.Contracts\Domain.Contracts.csproj", "{B61E0B48-EA6E-46AD-B908-CDC8295D581C}"
EndProject
Project("{2150E333-8FDC-42A3-9474-1A3956D46DE8}") = "Module.One", "Module.One", "{DDB633C6-4729-4F81-A307-32BD4C696C7F}"
EndProject
Project("{FAE04EC0-301F-11D3-BF4B-00C04F79EFBC}") = "Module.One.Site", "Module.One.Site\Module.One.Site.csproj", "{8A4CEEBF-C2CA-4EF2-A1D3-3E080C787789}"
EndProject
Project("{FAE04EC0-301F-11D3-BF4B-00C04F79EFBC}") = "Module.One.Datalayer", "Module.One.Datalayer\Module.One.Datalayer.csproj", "{BDD9D0BD-0829-4D84-85E3-41F9E56AFB07}"
EndProject
Project("{2150E333-8FDC-42A3-9474-1A3956D46DE8}") = "Module.Two", "Module.Two", "{072301F1-32D4-4D94-857C-4D65E5279B42}"
EndProject
Project("{FAE04EC0-301F-11D3-BF4B-00C04F79EFBC}") = "Module.Two.Datalayer", "Module.Two.Datalayer\Module.Two.Datalayer.csproj", "{9B3E32CC-9618-45FD-B5D0-7A5885118412}"
EndProject
Project("{FAE04EC0-301F-11D3-BF4B-00C04F79EFBC}") = "Module.One.Domain.Contracts", "Module.One.Domain.Contract\Module.One.Domain.Contracts.csproj", "{3DB3EA02-C044-4E9F-829F-A0777C3FF615}"
EndProject
Project("{2150E333-8FDC-42A3-9474-1A3956D46DE8}") = "Shared", "Shared", "{1A50C617-C22E-4F19-88C6-8365BDED39FE}"
EndProject
Project("{FAE04EC0-301F-11D3-BF4B-00C04F79EFBC}") = "Module.Two.Domain.Contracts", "Module.Two.Domain.Contracts\Module.Two.Domain.Contracts.csproj", "{7FC3A59C-1199-4A6C-8728-6DC3F46EEE14}"
EndProject
Project("{FAE04EC0-301F-11D3-BF4B-00C04F79EFBC}") = "Module.Two.Site", "Module.Two.Site\Module.Two.Site.csproj", "{0A3B7A6C-57F6-4F8D-A04F-B85B39F73266}"
EndProject
Global
	GlobalSection(SolutionConfigurationPlatforms) = preSolution
		Debug|Any CPU = Debug|Any CPU
		Release|Any CPU = Release|Any CPU
	EndGlobalSection
	GlobalSection(ProjectConfigurationPlatforms) = postSolution
		{72908F43-D0ED-4923-8FAF-36712ECD963E}.Debug|Any CPU.ActiveCfg = Debug|Any CPU
		{72908F43-D0ED-4923-8FAF-36712ECD963E}.Debug|Any CPU.Build.0 = Debug|Any CPU
		{72908F43-D0ED-4923-8FAF-36712ECD963E}.Release|Any CPU.ActiveCfg = Release|Any CPU
		{72908F43-D0ED-4923-8FAF-36712ECD963E}.Release|Any CPU.Build.0 = Release|Any CPU
		{538D40F3-4EA7-4190-9BF6-27DAB9F0EC74}.Debug|Any CPU.ActiveCfg = Debug|Any CPU
		{538D40F3-4EA7-4190-9BF6-27DAB9F0EC74}.Debug|Any CPU.Build.0 = Debug|Any CPU
		{538D40F3-4EA7-4190-9BF6-27DAB9F0EC74}.Release|Any CPU.ActiveCfg = Release|Any CPU
		{538D40F3-4EA7-4190-9BF6-27DAB9F0EC74}.Release|Any CPU.Build.0 = Release|Any CPU
		{41746B66-F048-443F-9F3C-EAB07EDF449D}.Debug|Any CPU.ActiveCfg = Debug|Any CPU
		{41746B66-F048-443F-9F3C-EAB07EDF449D}.Debug|Any CPU.Build.0 = Debug|Any CPU
		{41746B66-F048-443F-9F3C-EAB07EDF449D}.Release|Any CPU.ActiveCfg = Release|Any CPU
		{41746B66-F048-443F-9F3C-EAB07EDF449D}.Release|Any CPU.Build.0 = Release|Any CPU
		{B61E0B48-EA6E-46AD-B908-CDC8295D581C}.Debug|Any CPU.ActiveCfg = Debug|Any CPU
		{B61E0B48-EA6E-46AD-B908-CDC8295D581C}.Debug|Any CPU.Build.0 = Debug|Any CPU
		{B61E0B48-EA6E-46AD-B908-CDC8295D581C}.Release|Any CPU.ActiveCfg = Release|Any CPU
		{B61E0B48-EA6E-46AD-B908-CDC8295D581C}.Release|Any CPU.Build.0 = Release|Any CPU
		{8A4CEEBF-C2CA-4EF2-A1D3-3E080C787789}.Debug|Any CPU.ActiveCfg = Debug|Any CPU
		{8A4CEEBF-C2CA-4EF2-A1D3-3E080C787789}.Debug|Any CPU.Build.0 = Debug|Any CPU
		{8A4CEEBF-C2CA-4EF2-A1D3-3E080C787789}.Release|Any CPU.ActiveCfg = Release|Any CPU
		{8A4CEEBF-C2CA-4EF2-A1D3-3E080C787789}.Release|Any CPU.Build.0 = Release|Any CPU
		{BDD9D0BD-0829-4D84-85E3-41F9E56AFB07}.Debug|Any CPU.ActiveCfg = Debug|Any CPU
		{BDD9D0BD-0829-4D84-85E3-41F9E56AFB07}.Debug|Any CPU.Build.0 = Debug|Any CPU
		{BDD9D0BD-0829-4D84-85E3-41F9E56AFB07}.Release|Any CPU.ActiveCfg = Release|Any CPU
		{BDD9D0BD-0829-4D84-85E3-41F9E56AFB07}.Release|Any CPU.Build.0 = Release|Any CPU
		{9B3E32CC-9618-45FD-B5D0-7A5885118412}.Debug|Any CPU.ActiveCfg = Debug|Any CPU
		{9B3E32CC-9618-45FD-B5D0-7A5885118412}.Debug|Any CPU.Build.0 = Debug|Any CPU
		{9B3E32CC-9618-45FD-B5D0-7A5885118412}.Release|Any CPU.ActiveCfg = Release|Any CPU
		{9B3E32CC-9618-45FD-B5D0-7A5885118412}.Release|Any CPU.Build.0 = Release|Any CPU
		{3DB3EA02-C044-4E9F-829F-A0777C3FF615}.Debug|Any CPU.ActiveCfg = Debug|Any CPU
		{3DB3EA02-C044-4E9F-829F-A0777C3FF615}.Debug|Any CPU.Build.0 = Debug|Any CPU
		{3DB3EA02-C044-4E9F-829F-A0777C3FF615}.Release|Any CPU.ActiveCfg = Release|Any CPU
		{3DB3EA02-C044-4E9F-829F-A0777C3FF615}.Release|Any CPU.Build.0 = Release|Any CPU
		{7FC3A59C-1199-4A6C-8728-6DC3F46EEE14}.Debug|Any CPU.ActiveCfg = Debug|Any CPU
		{7FC3A59C-1199-4A6C-8728-6DC3F46EEE14}.Debug|Any CPU.Build.0 = Debug|Any CPU
		{7FC3A59C-1199-4A6C-8728-6DC3F46EEE14}.Release|Any CPU.ActiveCfg = Release|Any CPU
		{7FC3A59C-1199-4A6C-8728-6DC3F46EEE14}.Release|Any CPU.Build.0 = Release|Any CPU
		{0A3B7A6C-57F6-4F8D-A04F-B85B39F73266}.Debug|Any CPU.ActiveCfg = Debug|Any CPU
		{0A3B7A6C-57F6-4F8D-A04F-B85B39F73266}.Debug|Any CPU.Build.0 = Debug|Any CPU
		{0A3B7A6C-57F6-4F8D-A04F-B85B39F73266}.Release|Any CPU.ActiveCfg = Release|Any CPU
		{0A3B7A6C-57F6-4F8D-A04F-B85B39F73266}.Release|Any CPU.Build.0 = Release|Any CPU
	EndGlobalSection
	GlobalSection(SolutionProperties) = preSolution
		HideSolutionNode = FALSE
	EndGlobalSection
	GlobalSection(NestedProjects) = preSolution
		{8A4CEEBF-C2CA-4EF2-A1D3-3E080C787789} = {DDB633C6-4729-4F81-A307-32BD4C696C7F}
		{BDD9D0BD-0829-4D84-85E3-41F9E56AFB07} = {DDB633C6-4729-4F81-A307-32BD4C696C7F}
		{3DB3EA02-C044-4E9F-829F-A0777C3FF615} = {DDB633C6-4729-4F81-A307-32BD4C696C7F}
		{9B3E32CC-9618-45FD-B5D0-7A5885118412} = {072301F1-32D4-4D94-857C-4D65E5279B42}
		{7FC3A59C-1199-4A6C-8728-6DC3F46EEE14} = {072301F1-32D4-4D94-857C-4D65E5279B42}
		{0A3B7A6C-57F6-4F8D-A04F-B85B39F73266} = {072301F1-32D4-4D94-857C-4D65E5279B42}
		{72908F43-D0ED-4923-8FAF-36712ECD963E} = {1A50C617-C22E-4F19-88C6-8365BDED39FE}
		{B61E0B48-EA6E-46AD-B908-CDC8295D581C} = {1A50C617-C22E-4F19-88C6-8365BDED39FE}
	EndGlobalSection
EndGlobal
