
Microsoft Visual Studio Solution File, Format Version 12.00
# Visual Studio 2013
VisualStudioVersion = 12.0.30723.0
MinimumVisualStudioVersion = 10.0.40219.1
Project("{FAE04EC0-301F-11D3-BF4B-00C04F79EFBC}") = "WebApiTest", "WebApiTest\WebApiTest.csproj", "{D73E25E1-04D3-4BE8-85A4-BB6360A37C00}"
EndProject
Project("{FAE04EC0-301F-11D3-BF4B-00C04F79EFBC}") = "WebApiTest.Tests", "WebApiTest.Tests\WebApiTest.Tests.csproj", "{D388DB2D-25E8-4A57-B25A-A047C944FCEC}"
EndProject
Project("{FAE04EC0-301F-11D3-BF4B-00C04F79EFBC}") = "Api.Core", "Api.Core\Api.Core.csproj", "{51DE8545-330D-47F2-874A-F1A43AAA5313}"
EndProject
Project("{FAE04EC0-301F-11D3-BF4B-00C04F79EFBC}") = "Api.Test", "Api.Test\Api.Test.csproj", "{C62D956C-0279-41F3-8A15-42C4A3698349}"
EndProject
Project("{2150E333-8FDC-42A3-9474-1A3956D46DE8}") = ".nuget", ".nuget", "{96876ADF-4F9F-4A97-B424-86B9B4D98A91}"
	ProjectSection(SolutionItems) = preProject
		.nuget\NuGet.Config = .nuget\NuGet.Config
		.nuget\NuGet.exe = .nuget\NuGet.exe
		.nuget\NuGet.targets = .nuget\NuGet.targets
	EndProjectSection
EndProject
Project("{FAE04EC0-301F-11D3-BF4B-00C04F79EFBC}") = "IIS.Host", "IIS.Host\IIS.Host.csproj", "{69D2BF3D-1FD6-4A77-BAA7-275E60DDCE46}"
EndProject
Project("{2150E333-8FDC-42A3-9474-1A3956D46DE8}") = "InitialPoc", "InitialPoc", "{D24F2CAC-845B-4593-8A67-06A307FC084F}"
EndProject
Project("{FAE04EC0-301F-11D3-BF4B-00C04F79EFBC}") = "Api.Dto.Models", "Api.Dto.Models\Api.Dto.Models.csproj", "{FB3F1EC4-19BA-4443-94B3-435209F52A1E}"
EndProject
Global
	GlobalSection(SolutionConfigurationPlatforms) = preSolution
		Debug|Any CPU = Debug|Any CPU
		Release|Any CPU = Release|Any CPU
	EndGlobalSection
	GlobalSection(ProjectConfigurationPlatforms) = postSolution
		{D73E25E1-04D3-4BE8-85A4-BB6360A37C00}.Debug|Any CPU.ActiveCfg = Debug|Any CPU
		{D73E25E1-04D3-4BE8-85A4-BB6360A37C00}.Debug|Any CPU.Build.0 = Debug|Any CPU
		{D73E25E1-04D3-4BE8-85A4-BB6360A37C00}.Release|Any CPU.ActiveCfg = Release|Any CPU
		{D73E25E1-04D3-4BE8-85A4-BB6360A37C00}.Release|Any CPU.Build.0 = Release|Any CPU
		{D388DB2D-25E8-4A57-B25A-A047C944FCEC}.Debug|Any CPU.ActiveCfg = Debug|Any CPU
		{D388DB2D-25E8-4A57-B25A-A047C944FCEC}.Debug|Any CPU.Build.0 = Debug|Any CPU
		{D388DB2D-25E8-4A57-B25A-A047C944FCEC}.Release|Any CPU.ActiveCfg = Release|Any CPU
		{D388DB2D-25E8-4A57-B25A-A047C944FCEC}.Release|Any CPU.Build.0 = Release|Any CPU
		{51DE8545-330D-47F2-874A-F1A43AAA5313}.Debug|Any CPU.ActiveCfg = Debug|Any CPU
		{51DE8545-330D-47F2-874A-F1A43AAA5313}.Debug|Any CPU.Build.0 = Debug|Any CPU
		{51DE8545-330D-47F2-874A-F1A43AAA5313}.Release|Any CPU.ActiveCfg = Release|Any CPU
		{51DE8545-330D-47F2-874A-F1A43AAA5313}.Release|Any CPU.Build.0 = Release|Any CPU
		{C62D956C-0279-41F3-8A15-42C4A3698349}.Debug|Any CPU.ActiveCfg = Debug|Any CPU
		{C62D956C-0279-41F3-8A15-42C4A3698349}.Debug|Any CPU.Build.0 = Debug|Any CPU
		{C62D956C-0279-41F3-8A15-42C4A3698349}.Release|Any CPU.ActiveCfg = Release|Any CPU
		{C62D956C-0279-41F3-8A15-42C4A3698349}.Release|Any CPU.Build.0 = Release|Any CPU
		{69D2BF3D-1FD6-4A77-BAA7-275E60DDCE46}.Debug|Any CPU.ActiveCfg = Debug|Any CPU
		{69D2BF3D-1FD6-4A77-BAA7-275E60DDCE46}.Debug|Any CPU.Build.0 = Debug|Any CPU
		{69D2BF3D-1FD6-4A77-BAA7-275E60DDCE46}.Release|Any CPU.ActiveCfg = Release|Any CPU
		{69D2BF3D-1FD6-4A77-BAA7-275E60DDCE46}.Release|Any CPU.Build.0 = Release|Any CPU
		{FB3F1EC4-19BA-4443-94B3-435209F52A1E}.Debug|Any CPU.ActiveCfg = Debug|Any CPU
		{FB3F1EC4-19BA-4443-94B3-435209F52A1E}.Debug|Any CPU.Build.0 = Debug|Any CPU
		{FB3F1EC4-19BA-4443-94B3-435209F52A1E}.Release|Any CPU.ActiveCfg = Release|Any CPU
		{FB3F1EC4-19BA-4443-94B3-435209F52A1E}.Release|Any CPU.Build.0 = Release|Any CPU
	EndGlobalSection
	GlobalSection(SolutionProperties) = preSolution
		HideSolutionNode = FALSE
	EndGlobalSection
	GlobalSection(NestedProjects) = preSolution
		{D73E25E1-04D3-4BE8-85A4-BB6360A37C00} = {D24F2CAC-845B-4593-8A67-06A307FC084F}
		{D388DB2D-25E8-4A57-B25A-A047C944FCEC} = {D24F2CAC-845B-4593-8A67-06A307FC084F}
	EndGlobalSection
EndGlobal
