
Microsoft Visual Studio Solution File, Format Version 12.00
# Visual Studio 2012
Project("{FAE04EC0-301F-11D3-BF4B-00C04F79EFBC}") = "ContextTests.Web", "ContextTests.Web\ContextTests.Web.csproj", "{80CC4C7B-A8F1-421F-B06D-5A55A97D2F84}"
EndProject
Project("{FAE04EC0-301F-11D3-BF4B-00C04F79EFBC}") = "ContextTests.Dal", "ContextTests.Dal\ContextTests.Dal.csproj", "{79316816-9628-43AB-B205-F0E870AE4807}"
EndProject
Project("{FAE04EC0-301F-11D3-BF4B-00C04F79EFBC}") = "ContextTests.Contracts", "ContextTests.Contracts\ContextTests.Contracts.csproj", "{22AFA3D1-D8F6-45A4-9D37-6413579B26E4}"
EndProject
Project("{FAE04EC0-301F-11D3-BF4B-00C04F79EFBC}") = "ContextTests.Locator", "ContextTests.Locator\ContextTests.Locator.csproj", "{0090360E-87CC-4EA3-B646-5EA7DC8CC22A}"
EndProject
Project("{FAE04EC0-301F-11D3-BF4B-00C04F79EFBC}") = "ContextTests.DataIntegrationTests", "ContextTests.DataIntegrationTests\ContextTests.DataIntegrationTests.csproj", "{38D20878-2969-4CBD-8094-9C338C299544}"
EndProject
Project("{FAE04EC0-301F-11D3-BF4B-00C04F79EFBC}") = "ContextTests.UnitTests", "ContextTests.UnitTests\ContextTests.UnitTests.csproj", "{FC11CC54-3537-487F-8F87-BBAB9E35545A}"
EndProject
Global
	GlobalSection(SolutionConfigurationPlatforms) = preSolution
		Debug|Any CPU = Debug|Any CPU
		Release|Any CPU = Release|Any CPU
	EndGlobalSection
	GlobalSection(ProjectConfigurationPlatforms) = postSolution
		{80CC4C7B-A8F1-421F-B06D-5A55A97D2F84}.Debug|Any CPU.ActiveCfg = Debug|Any CPU
		{80CC4C7B-A8F1-421F-B06D-5A55A97D2F84}.Debug|Any CPU.Build.0 = Debug|Any CPU
		{80CC4C7B-A8F1-421F-B06D-5A55A97D2F84}.Release|Any CPU.ActiveCfg = Release|Any CPU
		{80CC4C7B-A8F1-421F-B06D-5A55A97D2F84}.Release|Any CPU.Build.0 = Release|Any CPU
		{79316816-9628-43AB-B205-F0E870AE4807}.Debug|Any CPU.ActiveCfg = Debug|Any CPU
		{79316816-9628-43AB-B205-F0E870AE4807}.Debug|Any CPU.Build.0 = Debug|Any CPU
		{79316816-9628-43AB-B205-F0E870AE4807}.Release|Any CPU.ActiveCfg = Release|Any CPU
		{79316816-9628-43AB-B205-F0E870AE4807}.Release|Any CPU.Build.0 = Release|Any CPU
		{22AFA3D1-D8F6-45A4-9D37-6413579B26E4}.Debug|Any CPU.ActiveCfg = Debug|Any CPU
		{22AFA3D1-D8F6-45A4-9D37-6413579B26E4}.Debug|Any CPU.Build.0 = Debug|Any CPU
		{22AFA3D1-D8F6-45A4-9D37-6413579B26E4}.Release|Any CPU.ActiveCfg = Release|Any CPU
		{22AFA3D1-D8F6-45A4-9D37-6413579B26E4}.Release|Any CPU.Build.0 = Release|Any CPU
		{0090360E-87CC-4EA3-B646-5EA7DC8CC22A}.Debug|Any CPU.ActiveCfg = Debug|Any CPU
		{0090360E-87CC-4EA3-B646-5EA7DC8CC22A}.Debug|Any CPU.Build.0 = Debug|Any CPU
		{0090360E-87CC-4EA3-B646-5EA7DC8CC22A}.Release|Any CPU.ActiveCfg = Release|Any CPU
		{0090360E-87CC-4EA3-B646-5EA7DC8CC22A}.Release|Any CPU.Build.0 = Release|Any CPU
		{38D20878-2969-4CBD-8094-9C338C299544}.Debug|Any CPU.ActiveCfg = Debug|Any CPU
		{38D20878-2969-4CBD-8094-9C338C299544}.Debug|Any CPU.Build.0 = Debug|Any CPU
		{38D20878-2969-4CBD-8094-9C338C299544}.Release|Any CPU.ActiveCfg = Release|Any CPU
		{38D20878-2969-4CBD-8094-9C338C299544}.Release|Any CPU.Build.0 = Release|Any CPU
		{FC11CC54-3537-487F-8F87-BBAB9E35545A}.Debug|Any CPU.ActiveCfg = Debug|Any CPU
		{FC11CC54-3537-487F-8F87-BBAB9E35545A}.Debug|Any CPU.Build.0 = Debug|Any CPU
		{FC11CC54-3537-487F-8F87-BBAB9E35545A}.Release|Any CPU.ActiveCfg = Release|Any CPU
		{FC11CC54-3537-487F-8F87-BBAB9E35545A}.Release|Any CPU.Build.0 = Release|Any CPU
	EndGlobalSection
	GlobalSection(SolutionProperties) = preSolution
		HideSolutionNode = FALSE
	EndGlobalSection
EndGlobal
